
Microsoft Visual Studio Solution File, Format Version 12.00
# Visual Studio 15
VisualStudioVersion = 15.0.26124.0
MinimumVisualStudioVersion = 15.0.26124.0
Project("{FAE04EC0-301F-11D3-BF4B-00C04F79EFBC}") = "Steeltoe.InitializrApi", "src\InitializrApi\Steeltoe.InitializrApi.csproj", "{7597F74D-528E-448B-BBE8-994092F04CA4}"
EndProject
Project("{FAE04EC0-301F-11D3-BF4B-00C04F79EFBC}") = "Steeltoe.InitializrApi.Models", "src\InitializrApi.Models\Steeltoe.InitializrApi.Models.csproj", "{ACE6FEE1-9CEA-4A95-9D76-C62A41947C8F}"
EndProject
Project("{FAE04EC0-301F-11D3-BF4B-00C04F79EFBC}") = "Steeltoe.InitializrApi.Services", "src\InitializrApi.Services\Steeltoe.InitializrApi.Services.csproj", "{2E0740BC-8314-4C77-9D1E-6C7660D592D4}"
EndProject
Project("{FAE04EC0-301F-11D3-BF4B-00C04F79EFBC}") = "Steeltoe.InitializrApi.ConfigServer", "src\InitializrApi.ConfigServer\Steeltoe.InitializrApi.ConfigServer.csproj", "{ADA77561-088F-4CE4-A464-16D6F00A34A5}"
EndProject
Project("{FAE04EC0-301F-11D3-BF4B-00C04F79EFBC}") = "Steeltoe.InitializrApi.Stubble", "src\InitializrApi.Stubble\Steeltoe.InitializrApi.Stubble.csproj", "{36BB3B80-5F85-4351-965C-D07327F48A68}"
EndProject
Project("{FAE04EC0-301F-11D3-BF4B-00C04F79EFBC}") = "Steeltoe.InitializrApi.Test", "test\InitializrApi.Test\Steeltoe.InitializrApi.Test.csproj", "{EA849C8F-7118-45DB-BBF2-D36CE1FD43B4}"
EndProject
Global
	GlobalSection(SolutionConfigurationPlatforms) = preSolution
		Debug|Any CPU = Debug|Any CPU
		Debug|x64 = Debug|x64
		Debug|x86 = Debug|x86
		Release|Any CPU = Release|Any CPU
		Release|x64 = Release|x64
		Release|x86 = Release|x86
	EndGlobalSection
	GlobalSection(SolutionProperties) = preSolution
		HideSolutionNode = FALSE
	EndGlobalSection
	GlobalSection(ProjectConfigurationPlatforms) = postSolution
		{7597F74D-528E-448B-BBE8-994092F04CA4}.Debug|Any CPU.ActiveCfg = Debug|Any CPU
		{7597F74D-528E-448B-BBE8-994092F04CA4}.Debug|Any CPU.Build.0 = Debug|Any CPU
		{7597F74D-528E-448B-BBE8-994092F04CA4}.Debug|x64.ActiveCfg = Debug|Any CPU
		{7597F74D-528E-448B-BBE8-994092F04CA4}.Debug|x64.Build.0 = Debug|Any CPU
		{7597F74D-528E-448B-BBE8-994092F04CA4}.Debug|x86.ActiveCfg = Debug|Any CPU
		{7597F74D-528E-448B-BBE8-994092F04CA4}.Debug|x86.Build.0 = Debug|Any CPU
		{7597F74D-528E-448B-BBE8-994092F04CA4}.Release|Any CPU.ActiveCfg = Release|Any CPU
		{7597F74D-528E-448B-BBE8-994092F04CA4}.Release|Any CPU.Build.0 = Release|Any CPU
		{7597F74D-528E-448B-BBE8-994092F04CA4}.Release|x64.ActiveCfg = Release|Any CPU
		{7597F74D-528E-448B-BBE8-994092F04CA4}.Release|x64.Build.0 = Release|Any CPU
		{7597F74D-528E-448B-BBE8-994092F04CA4}.Release|x86.ActiveCfg = Release|Any CPU
		{7597F74D-528E-448B-BBE8-994092F04CA4}.Release|x86.Build.0 = Release|Any CPU
		{EA849C8F-7118-45DB-BBF2-D36CE1FD43B4}.Debug|Any CPU.ActiveCfg = Debug|Any CPU
		{EA849C8F-7118-45DB-BBF2-D36CE1FD43B4}.Debug|Any CPU.Build.0 = Debug|Any CPU
		{EA849C8F-7118-45DB-BBF2-D36CE1FD43B4}.Debug|x64.ActiveCfg = Debug|Any CPU
		{EA849C8F-7118-45DB-BBF2-D36CE1FD43B4}.Debug|x64.Build.0 = Debug|Any CPU
		{EA849C8F-7118-45DB-BBF2-D36CE1FD43B4}.Debug|x86.ActiveCfg = Debug|Any CPU
		{EA849C8F-7118-45DB-BBF2-D36CE1FD43B4}.Debug|x86.Build.0 = Debug|Any CPU
		{EA849C8F-7118-45DB-BBF2-D36CE1FD43B4}.Release|Any CPU.ActiveCfg = Release|Any CPU
		{EA849C8F-7118-45DB-BBF2-D36CE1FD43B4}.Release|Any CPU.Build.0 = Release|Any CPU
		{EA849C8F-7118-45DB-BBF2-D36CE1FD43B4}.Release|x64.ActiveCfg = Release|Any CPU
		{EA849C8F-7118-45DB-BBF2-D36CE1FD43B4}.Release|x64.Build.0 = Release|Any CPU
		{EA849C8F-7118-45DB-BBF2-D36CE1FD43B4}.Release|x86.ActiveCfg = Release|Any CPU
		{EA849C8F-7118-45DB-BBF2-D36CE1FD43B4}.Release|x86.Build.0 = Release|Any CPU
		{ACE6FEE1-9CEA-4A95-9D76-C62A41947C8F}.Debug|Any CPU.ActiveCfg = Debug|Any CPU
		{ACE6FEE1-9CEA-4A95-9D76-C62A41947C8F}.Debug|Any CPU.Build.0 = Debug|Any CPU
		{ACE6FEE1-9CEA-4A95-9D76-C62A41947C8F}.Debug|x64.ActiveCfg = Debug|Any CPU
		{ACE6FEE1-9CEA-4A95-9D76-C62A41947C8F}.Debug|x64.Build.0 = Debug|Any CPU
		{ACE6FEE1-9CEA-4A95-9D76-C62A41947C8F}.Debug|x86.ActiveCfg = Debug|Any CPU
		{ACE6FEE1-9CEA-4A95-9D76-C62A41947C8F}.Debug|x86.Build.0 = Debug|Any CPU
		{ACE6FEE1-9CEA-4A95-9D76-C62A41947C8F}.Release|Any CPU.ActiveCfg = Release|Any CPU
		{ACE6FEE1-9CEA-4A95-9D76-C62A41947C8F}.Release|Any CPU.Build.0 = Release|Any CPU
		{ACE6FEE1-9CEA-4A95-9D76-C62A41947C8F}.Release|x64.ActiveCfg = Release|Any CPU
		{ACE6FEE1-9CEA-4A95-9D76-C62A41947C8F}.Release|x64.Build.0 = Release|Any CPU
		{ACE6FEE1-9CEA-4A95-9D76-C62A41947C8F}.Release|x86.ActiveCfg = Release|Any CPU
		{ACE6FEE1-9CEA-4A95-9D76-C62A41947C8F}.Release|x86.Build.0 = Release|Any CPU
		{36BB3B80-5F85-4351-965C-D07327F48A68}.Debug|Any CPU.ActiveCfg = Debug|Any CPU
		{36BB3B80-5F85-4351-965C-D07327F48A68}.Debug|Any CPU.Build.0 = Debug|Any CPU
		{36BB3B80-5F85-4351-965C-D07327F48A68}.Debug|x64.ActiveCfg = Debug|Any CPU
		{36BB3B80-5F85-4351-965C-D07327F48A68}.Debug|x64.Build.0 = Debug|Any CPU
		{36BB3B80-5F85-4351-965C-D07327F48A68}.Debug|x86.ActiveCfg = Debug|Any CPU
		{36BB3B80-5F85-4351-965C-D07327F48A68}.Debug|x86.Build.0 = Debug|Any CPU
		{36BB3B80-5F85-4351-965C-D07327F48A68}.Release|Any CPU.ActiveCfg = Release|Any CPU
		{36BB3B80-5F85-4351-965C-D07327F48A68}.Release|Any CPU.Build.0 = Release|Any CPU
		{36BB3B80-5F85-4351-965C-D07327F48A68}.Release|x64.ActiveCfg = Release|Any CPU
		{36BB3B80-5F85-4351-965C-D07327F48A68}.Release|x64.Build.0 = Release|Any CPU
		{36BB3B80-5F85-4351-965C-D07327F48A68}.Release|x86.ActiveCfg = Release|Any CPU
		{36BB3B80-5F85-4351-965C-D07327F48A68}.Release|x86.Build.0 = Release|Any CPU
		{2E0740BC-8314-4C77-9D1E-6C7660D592D4}.Debug|Any CPU.ActiveCfg = Debug|Any CPU
		{2E0740BC-8314-4C77-9D1E-6C7660D592D4}.Debug|Any CPU.Build.0 = Debug|Any CPU
		{2E0740BC-8314-4C77-9D1E-6C7660D592D4}.Debug|x64.ActiveCfg = Debug|Any CPU
		{2E0740BC-8314-4C77-9D1E-6C7660D592D4}.Debug|x64.Build.0 = Debug|Any CPU
		{2E0740BC-8314-4C77-9D1E-6C7660D592D4}.Debug|x86.ActiveCfg = Debug|Any CPU
		{2E0740BC-8314-4C77-9D1E-6C7660D592D4}.Debug|x86.Build.0 = Debug|Any CPU
		{2E0740BC-8314-4C77-9D1E-6C7660D592D4}.Release|Any CPU.ActiveCfg = Release|Any CPU
		{2E0740BC-8314-4C77-9D1E-6C7660D592D4}.Release|Any CPU.Build.0 = Release|Any CPU
		{2E0740BC-8314-4C77-9D1E-6C7660D592D4}.Release|x64.ActiveCfg = Release|Any CPU
		{2E0740BC-8314-4C77-9D1E-6C7660D592D4}.Release|x64.Build.0 = Release|Any CPU
		{2E0740BC-8314-4C77-9D1E-6C7660D592D4}.Release|x86.ActiveCfg = Release|Any CPU
		{2E0740BC-8314-4C77-9D1E-6C7660D592D4}.Release|x86.Build.0 = Release|Any CPU
		{ADA77561-088F-4CE4-A464-16D6F00A34A5}.Debug|Any CPU.ActiveCfg = Debug|Any CPU
		{ADA77561-088F-4CE4-A464-16D6F00A34A5}.Debug|Any CPU.Build.0 = Debug|Any CPU
		{ADA77561-088F-4CE4-A464-16D6F00A34A5}.Debug|x64.ActiveCfg = Debug|Any CPU
		{ADA77561-088F-4CE4-A464-16D6F00A34A5}.Debug|x64.Build.0 = Debug|Any CPU
		{ADA77561-088F-4CE4-A464-16D6F00A34A5}.Debug|x86.ActiveCfg = Debug|Any CPU
		{ADA77561-088F-4CE4-A464-16D6F00A34A5}.Debug|x86.Build.0 = Debug|Any CPU
		{ADA77561-088F-4CE4-A464-16D6F00A34A5}.Release|Any CPU.ActiveCfg = Release|Any CPU
		{ADA77561-088F-4CE4-A464-16D6F00A34A5}.Release|Any CPU.Build.0 = Release|Any CPU
		{ADA77561-088F-4CE4-A464-16D6F00A34A5}.Release|x64.ActiveCfg = Release|Any CPU
		{ADA77561-088F-4CE4-A464-16D6F00A34A5}.Release|x64.Build.0 = Release|Any CPU
		{ADA77561-088F-4CE4-A464-16D6F00A34A5}.Release|x86.ActiveCfg = Release|Any CPU
		{ADA77561-088F-4CE4-A464-16D6F00A34A5}.Release|x86.Build.0 = Release|Any CPU
	EndGlobalSection
EndGlobal
