
Microsoft Visual Studio Solution File, Format Version 12.00
# Visual Studio 15
VisualStudioVersion = 15.0.26124.0
MinimumVisualStudioVersion = 15.0.26124.0
Project("{FAE04EC0-301F-11D3-BF4B-00C04F79EFBC}") = "Steeltoe.Initializr.WebApi", "src\Steeltoe.Initializr.WebApi\Steeltoe.Initializr.WebApi.csproj", "{7597F74D-528E-448B-BBE8-994092F04CA4}"
EndProject
Project("{FAE04EC0-301F-11D3-BF4B-00C04F79EFBC}") = "Steeltoe.Initializr.WebApi.Test", "test\Steeltoe.Initializr.WebApi.Test\Steeltoe.Initializr.WebApi.Test.csproj", "{EA849C8F-7118-45DB-BBF2-D36CE1FD43B4}"
EndProject
Project("{FAE04EC0-301F-11D3-BF4B-00C04F79EFBC}") = "Steeltoe.Initializr.WebApi.Models", "src\Steeltoe.Initializr.WebApi.Models\Steeltoe.Initializr.WebApi.Models.csproj", "{ACE6FEE1-9CEA-4A95-9D76-C62A41947C8F}"
EndProject
Project("{FAE04EC0-301F-11D3-BF4B-00C04F79EFBC}") = "Steeltoe.Initializr.WebApi.Services", "src\Steeltoe.Initializr.WebApi.Services\Steeltoe.Initializr.WebApi.Services.csproj", "{D3C1E0C4-F4E5-44FA-82EA-ED8D040D96A5}"
EndProject
Global
	GlobalSection(SolutionConfigurationPlatforms) = preSolution
		Debug|Any CPU = Debug|Any CPU
		Debug|x64 = Debug|x64
		Debug|x86 = Debug|x86
		Release|Any CPU = Release|Any CPU
		Release|x64 = Release|x64
		Release|x86 = Release|x86
	EndGlobalSection
	GlobalSection(SolutionProperties) = preSolution
		HideSolutionNode = FALSE
	EndGlobalSection
	GlobalSection(ProjectConfigurationPlatforms) = postSolution
		{7597F74D-528E-448B-BBE8-994092F04CA4}.Debug|Any CPU.ActiveCfg = Debug|Any CPU
		{7597F74D-528E-448B-BBE8-994092F04CA4}.Debug|Any CPU.Build.0 = Debug|Any CPU
		{7597F74D-528E-448B-BBE8-994092F04CA4}.Debug|x64.ActiveCfg = Debug|Any CPU
		{7597F74D-528E-448B-BBE8-994092F04CA4}.Debug|x64.Build.0 = Debug|Any CPU
		{7597F74D-528E-448B-BBE8-994092F04CA4}.Debug|x86.ActiveCfg = Debug|Any CPU
		{7597F74D-528E-448B-BBE8-994092F04CA4}.Debug|x86.Build.0 = Debug|Any CPU
		{7597F74D-528E-448B-BBE8-994092F04CA4}.Release|Any CPU.ActiveCfg = Release|Any CPU
		{7597F74D-528E-448B-BBE8-994092F04CA4}.Release|Any CPU.Build.0 = Release|Any CPU
		{7597F74D-528E-448B-BBE8-994092F04CA4}.Release|x64.ActiveCfg = Release|Any CPU
		{7597F74D-528E-448B-BBE8-994092F04CA4}.Release|x64.Build.0 = Release|Any CPU
		{7597F74D-528E-448B-BBE8-994092F04CA4}.Release|x86.ActiveCfg = Release|Any CPU
		{7597F74D-528E-448B-BBE8-994092F04CA4}.Release|x86.Build.0 = Release|Any CPU
		{EA849C8F-7118-45DB-BBF2-D36CE1FD43B4}.Debug|Any CPU.ActiveCfg = Debug|Any CPU
		{EA849C8F-7118-45DB-BBF2-D36CE1FD43B4}.Debug|Any CPU.Build.0 = Debug|Any CPU
		{EA849C8F-7118-45DB-BBF2-D36CE1FD43B4}.Debug|x64.ActiveCfg = Debug|Any CPU
		{EA849C8F-7118-45DB-BBF2-D36CE1FD43B4}.Debug|x64.Build.0 = Debug|Any CPU
		{EA849C8F-7118-45DB-BBF2-D36CE1FD43B4}.Debug|x86.ActiveCfg = Debug|Any CPU
		{EA849C8F-7118-45DB-BBF2-D36CE1FD43B4}.Debug|x86.Build.0 = Debug|Any CPU
		{EA849C8F-7118-45DB-BBF2-D36CE1FD43B4}.Release|Any CPU.ActiveCfg = Release|Any CPU
		{EA849C8F-7118-45DB-BBF2-D36CE1FD43B4}.Release|Any CPU.Build.0 = Release|Any CPU
		{EA849C8F-7118-45DB-BBF2-D36CE1FD43B4}.Release|x64.ActiveCfg = Release|Any CPU
		{EA849C8F-7118-45DB-BBF2-D36CE1FD43B4}.Release|x64.Build.0 = Release|Any CPU
		{EA849C8F-7118-45DB-BBF2-D36CE1FD43B4}.Release|x86.ActiveCfg = Release|Any CPU
		{EA849C8F-7118-45DB-BBF2-D36CE1FD43B4}.Release|x86.Build.0 = Release|Any CPU
		{ACE6FEE1-9CEA-4A95-9D76-C62A41947C8F}.Debug|Any CPU.ActiveCfg = Debug|Any CPU
		{ACE6FEE1-9CEA-4A95-9D76-C62A41947C8F}.Debug|Any CPU.Build.0 = Debug|Any CPU
		{ACE6FEE1-9CEA-4A95-9D76-C62A41947C8F}.Debug|x64.ActiveCfg = Debug|Any CPU
		{ACE6FEE1-9CEA-4A95-9D76-C62A41947C8F}.Debug|x64.Build.0 = Debug|Any CPU
		{ACE6FEE1-9CEA-4A95-9D76-C62A41947C8F}.Debug|x86.ActiveCfg = Debug|Any CPU
		{ACE6FEE1-9CEA-4A95-9D76-C62A41947C8F}.Debug|x86.Build.0 = Debug|Any CPU
		{ACE6FEE1-9CEA-4A95-9D76-C62A41947C8F}.Release|Any CPU.ActiveCfg = Release|Any CPU
		{ACE6FEE1-9CEA-4A95-9D76-C62A41947C8F}.Release|Any CPU.Build.0 = Release|Any CPU
		{ACE6FEE1-9CEA-4A95-9D76-C62A41947C8F}.Release|x64.ActiveCfg = Release|Any CPU
		{ACE6FEE1-9CEA-4A95-9D76-C62A41947C8F}.Release|x64.Build.0 = Release|Any CPU
		{ACE6FEE1-9CEA-4A95-9D76-C62A41947C8F}.Release|x86.ActiveCfg = Release|Any CPU
		{ACE6FEE1-9CEA-4A95-9D76-C62A41947C8F}.Release|x86.Build.0 = Release|Any CPU
		{D3C1E0C4-F4E5-44FA-82EA-ED8D040D96A5}.Debug|Any CPU.ActiveCfg = Debug|Any CPU
		{D3C1E0C4-F4E5-44FA-82EA-ED8D040D96A5}.Debug|Any CPU.Build.0 = Debug|Any CPU
		{D3C1E0C4-F4E5-44FA-82EA-ED8D040D96A5}.Debug|x64.ActiveCfg = Debug|Any CPU
		{D3C1E0C4-F4E5-44FA-82EA-ED8D040D96A5}.Debug|x64.Build.0 = Debug|Any CPU
		{D3C1E0C4-F4E5-44FA-82EA-ED8D040D96A5}.Debug|x86.ActiveCfg = Debug|Any CPU
		{D3C1E0C4-F4E5-44FA-82EA-ED8D040D96A5}.Debug|x86.Build.0 = Debug|Any CPU
		{D3C1E0C4-F4E5-44FA-82EA-ED8D040D96A5}.Release|Any CPU.ActiveCfg = Release|Any CPU
		{D3C1E0C4-F4E5-44FA-82EA-ED8D040D96A5}.Release|Any CPU.Build.0 = Release|Any CPU
		{D3C1E0C4-F4E5-44FA-82EA-ED8D040D96A5}.Release|x64.ActiveCfg = Release|Any CPU
		{D3C1E0C4-F4E5-44FA-82EA-ED8D040D96A5}.Release|x64.Build.0 = Release|Any CPU
		{D3C1E0C4-F4E5-44FA-82EA-ED8D040D96A5}.Release|x86.ActiveCfg = Release|Any CPU
		{D3C1E0C4-F4E5-44FA-82EA-ED8D040D96A5}.Release|x86.Build.0 = Release|Any CPU
	EndGlobalSection
EndGlobal
